// !$*UTF8*$!
{
	archiveVersion = 1;
	classes = {
	};
	objectVersion = 56;
	objects = {

/* Begin PBXBuildFile section */
		22F6804E2AD4E17100BCDDE5 /* LandmarksApp.swift in Sources */ = {isa = PBXBuildFile; fileRef = 22F6804D2AD4E17100BCDDE5 /* LandmarksApp.swift */; };
		22F680502AD4E17100BCDDE5 /* ContentView.swift in Sources */ = {isa = PBXBuildFile; fileRef = 22F6804F2AD4E17100BCDDE5 /* ContentView.swift */; };
		22F680522AD4E17200BCDDE5 /* Assets.xcassets in Resources */ = {isa = PBXBuildFile; fileRef = 22F680512AD4E17200BCDDE5 /* Assets.xcassets */; };
		22F680552AD4E17200BCDDE5 /* Preview Assets.xcassets in Resources */ = {isa = PBXBuildFile; fileRef = 22F680542AD4E17200BCDDE5 /* Preview Assets.xcassets */; };
		22F6805C2AD4E53800BCDDE5 /* CircleImage.swift in Sources */ = {isa = PBXBuildFile; fileRef = 22F6805B2AD4E53800BCDDE5 /* CircleImage.swift */; };
		22F680602AD4E66200BCDDE5 /* MapView.swift in Sources */ = {isa = PBXBuildFile; fileRef = 22F6805F2AD4E66200BCDDE5 /* MapView.swift */; };
		22F680632AD4E91D00BCDDE5 /* landmarkData.json in Resources */ = {isa = PBXBuildFile; fileRef = 22F680622AD4E91D00BCDDE5 /* landmarkData.json */; };
		22F680652AD4E9D700BCDDE5 /* Landmark.swift in Sources */ = {isa = PBXBuildFile; fileRef = 22F680642AD4E9D700BCDDE5 /* Landmark.swift */; };
		22F680672AD4EB7C00BCDDE5 /* ModelData.swift in Sources */ = {isa = PBXBuildFile; fileRef = 22F680662AD4EB7C00BCDDE5 /* ModelData.swift */; };
		22F680692AD4ED1A00BCDDE5 /* LandmarkRow.swift in Sources */ = {isa = PBXBuildFile; fileRef = 22F680682AD4ED1A00BCDDE5 /* LandmarkRow.swift */; };
		22F6806B2AD4EE2400BCDDE5 /* LandmarkDetail.swift in Sources */ = {isa = PBXBuildFile; fileRef = 22F6806A2AD4EE2400BCDDE5 /* LandmarkDetail.swift */; };
		22F6806D2AD4EE9B00BCDDE5 /* LandmarkList.swift in Sources */ = {isa = PBXBuildFile; fileRef = 22F6806C2AD4EE9B00BCDDE5 /* LandmarkList.swift */; };
/* End PBXBuildFile section */

/* Begin PBXFileReference section */
		22F6804A2AD4E17100BCDDE5 /* Landmarks.app */ = {isa = PBXFileReference; explicitFileType = wrapper.application; includeInIndex = 0; path = Landmarks.app; sourceTree = BUILT_PRODUCTS_DIR; };
		22F6804D2AD4E17100BCDDE5 /* LandmarksApp.swift */ = {isa = PBXFileReference; lastKnownFileType = sourcecode.swift; path = LandmarksApp.swift; sourceTree = "<group>"; };
		22F6804F2AD4E17100BCDDE5 /* ContentView.swift */ = {isa = PBXFileReference; lastKnownFileType = sourcecode.swift; path = ContentView.swift; sourceTree = "<group>"; };
		22F680512AD4E17200BCDDE5 /* Assets.xcassets */ = {isa = PBXFileReference; lastKnownFileType = folder.assetcatalog; path = Assets.xcassets; sourceTree = "<group>"; };
		22F680542AD4E17200BCDDE5 /* Preview Assets.xcassets */ = {isa = PBXFileReference; lastKnownFileType = folder.assetcatalog; path = "Preview Assets.xcassets"; sourceTree = "<group>"; };
		22F6805B2AD4E53800BCDDE5 /* CircleImage.swift */ = {isa = PBXFileReference; lastKnownFileType = sourcecode.swift; path = CircleImage.swift; sourceTree = "<group>"; };
		22F6805F2AD4E66200BCDDE5 /* MapView.swift */ = {isa = PBXFileReference; lastKnownFileType = sourcecode.swift; path = MapView.swift; sourceTree = "<group>"; };
		22F680622AD4E91D00BCDDE5 /* landmarkData.json */ = {isa = PBXFileReference; fileEncoding = 4; lastKnownFileType = text.json; path = landmarkData.json; sourceTree = "<group>"; };
		22F680642AD4E9D700BCDDE5 /* Landmark.swift */ = {isa = PBXFileReference; lastKnownFileType = sourcecode.swift; path = Landmark.swift; sourceTree = "<group>"; };
		22F680662AD4EB7C00BCDDE5 /* ModelData.swift */ = {isa = PBXFileReference; lastKnownFileType = sourcecode.swift; path = ModelData.swift; sourceTree = "<group>"; };
		22F680682AD4ED1A00BCDDE5 /* LandmarkRow.swift */ = {isa = PBXFileReference; lastKnownFileType = sourcecode.swift; path = LandmarkRow.swift; sourceTree = "<group>"; };
		22F6806A2AD4EE2400BCDDE5 /* LandmarkDetail.swift */ = {isa = PBXFileReference; lastKnownFileType = sourcecode.swift; path = LandmarkDetail.swift; sourceTree = "<group>"; };
		22F6806C2AD4EE9B00BCDDE5 /* LandmarkList.swift */ = {isa = PBXFileReference; lastKnownFileType = sourcecode.swift; path = LandmarkList.swift; sourceTree = "<group>"; };
/* End PBXFileReference section */

/* Begin PBXFrameworksBuildPhase section */
		22F680472AD4E17100BCDDE5 /* Frameworks */ = {
			isa = PBXFrameworksBuildPhase;
			buildActionMask = 2147483647;
			files = (
			);
			runOnlyForDeploymentPostprocessing = 0;
		};
/* End PBXFrameworksBuildPhase section */

/* Begin PBXGroup section */
		22F680412AD4E17100BCDDE5 = {
			isa = PBXGroup;
			children = (
				22F6804C2AD4E17100BCDDE5 /* Landmarks */,
				22F6804B2AD4E17100BCDDE5 /* Products */,
			);
			sourceTree = "<group>";
		};
		22F6804B2AD4E17100BCDDE5 /* Products */ = {
			isa = PBXGroup;
			children = (
				22F6804A2AD4E17100BCDDE5 /* Landmarks.app */,
			);
			name = Products;
			sourceTree = "<group>";
		};
		22F6804C2AD4E17100BCDDE5 /* Landmarks */ = {
			isa = PBXGroup;
			children = (
				22F6804D2AD4E17100BCDDE5 /* LandmarksApp.swift */,
				22F680682AD4ED1A00BCDDE5 /* LandmarkRow.swift */,
				22F6805D2AD4E5B700BCDDE5 /* Views */,
				22F680612AD4E74A00BCDDE5 /* ModelData */,
				22F6805E2AD4E5C900BCDDE5 /* Resources */,
				22F680532AD4E17200BCDDE5 /* Preview Content */,
			);
			path = Landmarks;
			sourceTree = "<group>";
		};
		22F680532AD4E17200BCDDE5 /* Preview Content */ = {
			isa = PBXGroup;
			children = (
				22F680542AD4E17200BCDDE5 /* Preview Assets.xcassets */,
			);
			path = "Preview Content";
			sourceTree = "<group>";
		};
		22F6805D2AD4E5B700BCDDE5 /* Views */ = {
			isa = PBXGroup;
			children = (
				22F6804F2AD4E17100BCDDE5 /* ContentView.swift */,
				22F6805B2AD4E53800BCDDE5 /* CircleImage.swift */,
				22F6805F2AD4E66200BCDDE5 /* MapView.swift */,
				22F6806A2AD4EE2400BCDDE5 /* LandmarkDetail.swift */,
				22F6806C2AD4EE9B00BCDDE5 /* LandmarkList.swift */,
			);
			path = Views;
			sourceTree = "<group>";
		};
		22F6805E2AD4E5C900BCDDE5 /* Resources */ = {
			isa = PBXGroup;
			children = (
				22F680512AD4E17200BCDDE5 /* Assets.xcassets */,
				22F680622AD4E91D00BCDDE5 /* landmarkData.json */,
			);
			path = Resources;
			sourceTree = "<group>";
		};
		22F680612AD4E74A00BCDDE5 /* ModelData */ = {
			isa = PBXGroup;
			children = (
				22F680642AD4E9D700BCDDE5 /* Landmark.swift */,
				22F680662AD4EB7C00BCDDE5 /* ModelData.swift */,
			);
			path = ModelData;
			sourceTree = "<group>";
		};
/* End PBXGroup section */

/* Begin PBXNativeTarget section */
		22F680492AD4E17100BCDDE5 /* Landmarks */ = {
			isa = PBXNativeTarget;
			buildConfigurationList = 22F680582AD4E17200BCDDE5 /* Build configuration list for PBXNativeTarget "Landmarks" */;
			buildPhases = (
				22F680462AD4E17100BCDDE5 /* Sources */,
				22F680472AD4E17100BCDDE5 /* Frameworks */,
				22F680482AD4E17100BCDDE5 /* Resources */,
			);
			buildRules = (
			);
			dependencies = (
			);
			name = Landmarks;
			productName = Landmarks;
			productReference = 22F6804A2AD4E17100BCDDE5 /* Landmarks.app */;
			productType = "com.apple.product-type.application";
		};
/* End PBXNativeTarget section */

/* Begin PBXProject section */
		22F680422AD4E17100BCDDE5 /* Project object */ = {
			isa = PBXProject;
			attributes = {
				BuildIndependentTargetsInParallel = 1;
				LastSwiftUpdateCheck = 1500;
				LastUpgradeCheck = 1500;
				TargetAttributes = {
					22F680492AD4E17100BCDDE5 = {
						CreatedOnToolsVersion = 15.0;
					};
				};
			};
			buildConfigurationList = 22F680452AD4E17100BCDDE5 /* Build configuration list for PBXProject "Landmarks" */;
			compatibilityVersion = "Xcode 14.0";
			developmentRegion = en;
			hasScannedForEncodings = 0;
			knownRegions = (
				en,
				Base,
			);
			mainGroup = 22F680412AD4E17100BCDDE5;
			productRefGroup = 22F6804B2AD4E17100BCDDE5 /* Products */;
			projectDirPath = "";
			projectRoot = "";
			targets = (
				22F680492AD4E17100BCDDE5 /* Landmarks */,
			);
		};
/* End PBXProject section */

/* Begin PBXResourcesBuildPhase section */
		22F680482AD4E17100BCDDE5 /* Resources */ = {
			isa = PBXResourcesBuildPhase;
			buildActionMask = 2147483647;
			files = (
				22F680552AD4E17200BCDDE5 /* Preview Assets.xcassets in Resources */,
				22F680522AD4E17200BCDDE5 /* Assets.xcassets in Resources */,
				22F680632AD4E91D00BCDDE5 /* landmarkData.json in Resources */,
			);
			runOnlyForDeploymentPostprocessing = 0;
		};
/* End PBXResourcesBuildPhase section */

/* Begin PBXSourcesBuildPhase section */
		22F680462AD4E17100BCDDE5 /* Sources */ = {
			isa = PBXSourcesBuildPhase;
			buildActionMask = 2147483647;
			files = (
				22F680502AD4E17100BCDDE5 /* ContentView.swift in Sources */,
				22F680602AD4E66200BCDDE5 /* MapView.swift in Sources */,
				22F6804E2AD4E17100BCDDE5 /* LandmarksApp.swift in Sources */,
				22F6805C2AD4E53800BCDDE5 /* CircleImage.swift in Sources */,
				22F6806D2AD4EE9B00BCDDE5 /* LandmarkList.swift in Sources */,
				22F6806B2AD4EE2400BCDDE5 /* LandmarkDetail.swift in Sources */,
				22F680652AD4E9D700BCDDE5 /* Landmark.swift in Sources */,
				22F680692AD4ED1A00BCDDE5 /* LandmarkRow.swift in Sources */,
				22F680672AD4EB7C00BCDDE5 /* ModelData.swift in Sources */,
			);
			runOnlyForDeploymentPostprocessing = 0;
		};
/* End PBXSourcesBuildPhase section */

/* Begin XCBuildConfiguration section */
		22F680562AD4E17200BCDDE5 /* Debug */ = {
			isa = XCBuildConfiguration;
			buildSettings = {
				ALWAYS_SEARCH_USER_PATHS = NO;
				ASSETCATALOG_COMPILER_GENERATE_SWIFT_ASSET_SYMBOL_EXTENSIONS = YES;
				CLANG_ANALYZER_NONNULL = YES;
				CLANG_ANALYZER_NUMBER_OBJECT_CONVERSION = YES_AGGRESSIVE;
				CLANG_CXX_LANGUAGE_STANDARD = "gnu++20";
				CLANG_ENABLE_MODULES = YES;
				CLANG_ENABLE_OBJC_ARC = YES;
				CLANG_ENABLE_OBJC_WEAK = YES;
				CLANG_WARN_BLOCK_CAPTURE_AUTORELEASING = YES;
				CLANG_WARN_BOOL_CONVERSION = YES;
				CLANG_WARN_COMMA = YES;
				CLANG_WARN_CONSTANT_CONVERSION = YES;
				CLANG_WARN_DEPRECATED_OBJC_IMPLEMENTATIONS = YES;
				CLANG_WARN_DIRECT_OBJC_ISA_USAGE = YES_ERROR;
				CLANG_WARN_DOCUMENTATION_COMMENTS = YES;
				CLANG_WARN_EMPTY_BODY = YES;
				CLANG_WARN_ENUM_CONVERSION = YES;
				CLANG_WARN_INFINITE_RECURSION = YES;
				CLANG_WARN_INT_CONVERSION = YES;
				CLANG_WARN_NON_LITERAL_NULL_CONVERSION = YES;
				CLANG_WARN_OBJC_IMPLICIT_RETAIN_SELF = YES;
				CLANG_WARN_OBJC_LITERAL_CONVERSION = YES;
				CLANG_WARN_OBJC_ROOT_CLASS = YES_ERROR;
				CLANG_WARN_QUOTED_INCLUDE_IN_FRAMEWORK_HEADER = YES;
				CLANG_WARN_RANGE_LOOP_ANALYSIS = YES;
				CLANG_WARN_STRICT_PROTOTYPES = YES;
				CLANG_WARN_SUSPICIOUS_MOVE = YES;
				CLANG_WARN_UNGUARDED_AVAILABILITY = YES_AGGRESSIVE;
				CLANG_WARN_UNREACHABLE_CODE = YES;
				CLANG_WARN__DUPLICATE_METHOD_MATCH = YES;
				COPY_PHASE_STRIP = NO;
				DEBUG_INFORMATION_FORMAT = dwarf;
				ENABLE_STRICT_OBJC_MSGSEND = YES;
				ENABLE_TESTABILITY = YES;
				ENABLE_USER_SCRIPT_SANDBOXING = YES;
				GCC_C_LANGUAGE_STANDARD = gnu17;
				GCC_DYNAMIC_NO_PIC = NO;
				GCC_NO_COMMON_BLOCKS = YES;
				GCC_OPTIMIZATION_LEVEL = 0;
				GCC_PREPROCESSOR_DEFINITIONS = (
					"DEBUG=1",
					"$(inherited)",
				);
				GCC_WARN_64_TO_32_BIT_CONVERSION = YES;
				GCC_WARN_ABOUT_RETURN_TYPE = YES_ERROR;
				GCC_WARN_UNDECLARED_SELECTOR = YES;
				GCC_WARN_UNINITIALIZED_AUTOS = YES_AGGRESSIVE;
				GCC_WARN_UNUSED_FUNCTION = YES;
				GCC_WARN_UNUSED_VARIABLE = YES;
				IPHONEOS_DEPLOYMENT_TARGET = 17.0;
				LOCALIZATION_PREFERS_STRING_CATALOGS = YES;
				MTL_ENABLE_DEBUG_INFO = INCLUDE_SOURCE;
				MTL_FAST_MATH = YES;
				ONLY_ACTIVE_ARCH = YES;
				SDKROOT = iphoneos;
				SWIFT_ACTIVE_COMPILATION_CONDITIONS = "DEBUG $(inherited)";
				SWIFT_OPTIMIZATION_LEVEL = "-Onone";
			};
			name = Debug;
		};
		22F680572AD4E17200BCDDE5 /* Release */ = {
			isa = XCBuildConfiguration;
			buildSettings = {
				ALWAYS_SEARCH_USER_PATHS = NO;
				ASSETCATALOG_COMPILER_GENERATE_SWIFT_ASSET_SYMBOL_EXTENSIONS = YES;
				CLANG_ANALYZER_NONNULL = YES;
				CLANG_ANALYZER_NUMBER_OBJECT_CONVERSION = YES_AGGRESSIVE;
				CLANG_CXX_LANGUAGE_STANDARD = "gnu++20";
				CLANG_ENABLE_MODULES = YES;
				CLANG_ENABLE_OBJC_ARC = YES;
				CLANG_ENABLE_OBJC_WEAK = YES;
				CLANG_WARN_BLOCK_CAPTURE_AUTORELEASING = YES;
				CLANG_WARN_BOOL_CONVERSION = YES;
				CLANG_WARN_COMMA = YES;
				CLANG_WARN_CONSTANT_CONVERSION = YES;
				CLANG_WARN_DEPRECATED_OBJC_IMPLEMENTATIONS = YES;
				CLANG_WARN_DIRECT_OBJC_ISA_USAGE = YES_ERROR;
				CLANG_WARN_DOCUMENTATION_COMMENTS = YES;
				CLANG_WARN_EMPTY_BODY = YES;
				CLANG_WARN_ENUM_CONVERSION = YES;
				CLANG_WARN_INFINITE_RECURSION = YES;
				CLANG_WARN_INT_CONVERSION = YES;
				CLANG_WARN_NON_LITERAL_NULL_CONVERSION = YES;
				CLANG_WARN_OBJC_IMPLICIT_RETAIN_SELF = YES;
				CLANG_WARN_OBJC_LITERAL_CONVERSION = YES;
				CLANG_WARN_OBJC_ROOT_CLASS = YES_ERROR;
				CLANG_WARN_QUOTED_INCLUDE_IN_FRAMEWORK_HEADER = YES;
				CLANG_WARN_RANGE_LOOP_ANALYSIS = YES;
				CLANG_WARN_STRICT_PROTOTYPES = YES;
				CLANG_WARN_SUSPICIOUS_MOVE = YES;
				CLANG_WARN_UNGUARDED_AVAILABILITY = YES_AGGRESSIVE;
				CLANG_WARN_UNREACHABLE_CODE = YES;
				CLANG_WARN__DUPLICATE_METHOD_MATCH = YES;
				COPY_PHASE_STRIP = NO;
				DEBUG_INFORMATION_FORMAT = "dwarf-with-dsym";
				ENABLE_NS_ASSERTIONS = NO;
				ENABLE_STRICT_OBJC_MSGSEND = YES;
				ENABLE_USER_SCRIPT_SANDBOXING = YES;
				GCC_C_LANGUAGE_STANDARD = gnu17;
				GCC_NO_COMMON_BLOCKS = YES;
				GCC_WARN_64_TO_32_BIT_CONVERSION = YES;
				GCC_WARN_ABOUT_RETURN_TYPE = YES_ERROR;
				GCC_WARN_UNDECLARED_SELECTOR = YES;
				GCC_WARN_UNINITIALIZED_AUTOS = YES_AGGRESSIVE;
				GCC_WARN_UNUSED_FUNCTION = YES;
				GCC_WARN_UNUSED_VARIABLE = YES;
				IPHONEOS_DEPLOYMENT_TARGET = 17.0;
				LOCALIZATION_PREFERS_STRING_CATALOGS = YES;
				MTL_ENABLE_DEBUG_INFO = NO;
				MTL_FAST_MATH = YES;
				SDKROOT = iphoneos;
				SWIFT_COMPILATION_MODE = wholemodule;
				VALIDATE_PRODUCT = YES;
			};
			name = Release;
		};
		22F680592AD4E17200BCDDE5 /* Debug */ = {
			isa = XCBuildConfiguration;
			buildSettings = {
				ASSETCATALOG_COMPILER_APPICON_NAME = AppIcon;
				ASSETCATALOG_COMPILER_GLOBAL_ACCENT_COLOR_NAME = AccentColor;
				CODE_SIGN_STYLE = Automatic;
				CURRENT_PROJECT_VERSION = 1;
				DEVELOPMENT_ASSET_PATHS = "\"Landmarks/Preview Content\"";
				DEVELOPMENT_TEAM = JMB8Y7C47R;
				ENABLE_PREVIEWS = YES;
				GENERATE_INFOPLIST_FILE = YES;
				INFOPLIST_KEY_UIApplicationSceneManifest_Generation = YES;
				INFOPLIST_KEY_UIApplicationSupportsIndirectInputEvents = YES;
				INFOPLIST_KEY_UILaunchScreen_Generation = YES;
				INFOPLIST_KEY_UISupportedInterfaceOrientations_iPad = "UIInterfaceOrientationPortrait UIInterfaceOrientationPortraitUpsideDown UIInterfaceOrientationLandscapeLeft UIInterfaceOrientationLandscapeRight";
				INFOPLIST_KEY_UISupportedInterfaceOrientations_iPhone = "UIInterfaceOrientationPortrait UIInterfaceOrientationLandscapeLeft UIInterfaceOrientationLandscapeRight";
				LD_RUNPATH_SEARCH_PATHS = (
					"$(inherited)",
					"@executable_path/Frameworks",
				);
				MARKETING_VERSION = 1.0;
				PRODUCT_BUNDLE_IDENTIFIER = com.KodiMaberek.Landmarks;
				PRODUCT_NAME = "$(TARGET_NAME)";
				SWIFT_EMIT_LOC_STRINGS = YES;
				SWIFT_VERSION = 5.0;
				TARGETED_DEVICE_FAMILY = "1,2";
			};
			name = Debug;
		};
		22F6805A2AD4E17200BCDDE5 /* Release */ = {
			isa = XCBuildConfiguration;
			buildSettings = {
				ASSETCATALOG_COMPILER_APPICON_NAME = AppIcon;
				ASSETCATALOG_COMPILER_GLOBAL_ACCENT_COLOR_NAME = AccentColor;
				CODE_SIGN_STYLE = Automatic;
				CURRENT_PROJECT_VERSION = 1;
				DEVELOPMENT_ASSET_PATHS = "\"Landmarks/Preview Content\"";
				DEVELOPMENT_TEAM = JMB8Y7C47R;
				ENABLE_PREVIEWS = YES;
				GENERATE_INFOPLIST_FILE = YES;
				INFOPLIST_KEY_UIApplicationSceneManifest_Generation = YES;
				INFOPLIST_KEY_UIApplicationSupportsIndirectInputEvents = YES;
				INFOPLIST_KEY_UILaunchScreen_Generation = YES;
				INFOPLIST_KEY_UISupportedInterfaceOrientations_iPad = "UIInterfaceOrientationPortrait UIInterfaceOrientationPortraitUpsideDown UIInterfaceOrientationLandscapeLeft UIInterfaceOrientationLandscapeRight";
				INFOPLIST_KEY_UISupportedInterfaceOrientations_iPhone = "UIInterfaceOrientationPortrait UIInterfaceOrientationLandscapeLeft UIInterfaceOrientationLandscapeRight";
				LD_RUNPATH_SEARCH_PATHS = (
					"$(inherited)",
					"@executable_path/Frameworks",
				);
				MARKETING_VERSION = 1.0;
				PRODUCT_BUNDLE_IDENTIFIER = com.KodiMaberek.Landmarks;
				PRODUCT_NAME = "$(TARGET_NAME)";
				SWIFT_EMIT_LOC_STRINGS = YES;
				SWIFT_VERSION = 5.0;
				TARGETED_DEVICE_FAMILY = "1,2";
			};
			name = Release;
		};
/* End XCBuildConfiguration section */

/* Begin XCConfigurationList section */
		22F680452AD4E17100BCDDE5 /* Build configuration list for PBXProject "Landmarks" */ = {
			isa = XCConfigurationList;
			buildConfigurations = (
				22F680562AD4E17200BCDDE5 /* Debug */,
				22F680572AD4E17200BCDDE5 /* Release */,
			);
			defaultConfigurationIsVisible = 0;
			defaultConfigurationName = Release;
		};
		22F680582AD4E17200BCDDE5 /* Build configuration list for PBXNativeTarget "Landmarks" */ = {
			isa = XCConfigurationList;
			buildConfigurations = (
				22F680592AD4E17200BCDDE5 /* Debug */,
				22F6805A2AD4E17200BCDDE5 /* Release */,
			);
			defaultConfigurationIsVisible = 0;
			defaultConfigurationName = Release;
		};
/* End XCConfigurationList section */
	};
	rootObject = 22F680422AD4E17100BCDDE5 /* Project object */;
}
